
Microsoft Visual Studio Solution File, Format Version 12.00
# Visual Studio Version 17
VisualStudioVersion = 17.13.35919.96 d17.13
MinimumVisualStudioVersion = 10.0.40219.1
Project("{FAE04EC0-301F-11D3-BF4B-00C04F79EFBC}") = "CSharp_Dice_Game", "CSharp_Dice_Game\CSharp_Dice_Game.csproj", "{7CC39447-ECBC-467E-ADE3-FABEF9A2856D}"
EndProject
Global
	GlobalSection(SolutionConfigurationPlatforms) = preSolution
		Debug|Any CPU = Debug|Any CPU
		Release|Any CPU = Release|Any CPU
	EndGlobalSection
	GlobalSection(ProjectConfigurationPlatforms) = postSolution
		{7CC39447-ECBC-467E-ADE3-FABEF9A2856D}.Debug|Any CPU.ActiveCfg = Debug|Any CPU
		{7CC39447-ECBC-467E-ADE3-FABEF9A2856D}.Debug|Any CPU.Build.0 = Debug|Any CPU
		{7CC39447-ECBC-467E-ADE3-FABEF9A2856D}.Release|Any CPU.ActiveCfg = Release|Any CPU
		{7CC39447-ECBC-467E-ADE3-FABEF9A2856D}.Release|Any CPU.Build.0 = Release|Any CPU
	EndGlobalSection
	GlobalSection(SolutionProperties) = preSolution
		HideSolutionNode = FALSE
	EndGlobalSection
	GlobalSection(ExtensibilityGlobals) = postSolution
		SolutionGuid = {BA425109-2FE9-4ECF-8FD1-A91B8C4BE2FE}
	EndGlobalSection
EndGlobal
